
Microsoft Visual Studio Solution File, Format Version 12.00
# Visual Studio Version 17
VisualStudioVersion = 17.5.33424.131
MinimumVisualStudioVersion = 10.0.40219.1
Project("{FAE04EC0-301F-11D3-BF4B-00C04F79EFBC}") = "ModalModelessPrac", "ModalModelessPrac\ModalModelessPrac.csproj", "{B5F9E591-F8AB-4F6E-A819-72E5A3033975}"
EndProject
Global
	GlobalSection(SolutionConfigurationPlatforms) = preSolution
		Debug|Any CPU = Debug|Any CPU
		Release|Any CPU = Release|Any CPU
	EndGlobalSection
	GlobalSection(ProjectConfigurationPlatforms) = postSolution
		{B5F9E591-F8AB-4F6E-A819-72E5A3033975}.Debug|Any CPU.ActiveCfg = Debug|Any CPU
		{B5F9E591-F8AB-4F6E-A819-72E5A3033975}.Debug|Any CPU.Build.0 = Debug|Any CPU
		{B5F9E591-F8AB-4F6E-A819-72E5A3033975}.Release|Any CPU.ActiveCfg = Release|Any CPU
		{B5F9E591-F8AB-4F6E-A819-72E5A3033975}.Release|Any CPU.Build.0 = Release|Any CPU
	EndGlobalSection
	GlobalSection(SolutionProperties) = preSolution
		HideSolutionNode = FALSE
	EndGlobalSection
	GlobalSection(ExtensibilityGlobals) = postSolution
		SolutionGuid = {75821A43-F39B-411F-8E8D-A4587E156989}
	EndGlobalSection
EndGlobal
